
Microsoft Visual Studio Solution File, Format Version 12.00
# Visual Studio Version 17
VisualStudioVersion = 17.11.35312.102
MinimumVisualStudioVersion = 10.0.40219.1
Project("{9A19103F-16F7-4668-BE54-9A1E7A4F7556}") = "yield-return-smooth", "yield-return-smooth.csproj", "{CE48FDF0-F309-460D-9448-6B72D74A3D2A}"
EndProject
Global
	GlobalSection(SolutionConfigurationPlatforms) = preSolution
		Debug|Any CPU = Debug|Any CPU
		Release|Any CPU = Release|Any CPU
	EndGlobalSection
	GlobalSection(ProjectConfigurationPlatforms) = postSolution
		{CE48FDF0-F309-460D-9448-6B72D74A3D2A}.Debug|Any CPU.ActiveCfg = Debug|Any CPU
		{CE48FDF0-F309-460D-9448-6B72D74A3D2A}.Debug|Any CPU.Build.0 = Debug|Any CPU
		{CE48FDF0-F309-460D-9448-6B72D74A3D2A}.Release|Any CPU.ActiveCfg = Release|Any CPU
		{CE48FDF0-F309-460D-9448-6B72D74A3D2A}.Release|Any CPU.Build.0 = Release|Any CPU
	EndGlobalSection
	GlobalSection(SolutionProperties) = preSolution
		HideSolutionNode = FALSE
	EndGlobalSection
	GlobalSection(ExtensibilityGlobals) = postSolution
		SolutionGuid = {AF608DA0-318C-41F2-AFC9-2B2280310939}
	EndGlobalSection
EndGlobal
