
Microsoft Visual Studio Solution File, Format Version 12.00
# Visual Studio Version 17
VisualStudioVersion = 17.13.35913.81 d17.13
MinimumVisualStudioVersion = 10.0.40219.1
Project("{FAE04EC0-301F-11D3-BF4B-00C04F79EFBC}") = "chik-chirik", "chik-chirik.csproj", "{99042685-334B-452A-14C7-B37CAC64EA04}"
EndProject
Global
	GlobalSection(SolutionConfigurationPlatforms) = preSolution
		Debug|Any CPU = Debug|Any CPU
		Release|Any CPU = Release|Any CPU
	EndGlobalSection
	GlobalSection(ProjectConfigurationPlatforms) = postSolution
		{99042685-334B-452A-14C7-B37CAC64EA04}.Debug|Any CPU.ActiveCfg = Debug|Any CPU
		{99042685-334B-452A-14C7-B37CAC64EA04}.Debug|Any CPU.Build.0 = Debug|Any CPU
		{99042685-334B-452A-14C7-B37CAC64EA04}.Release|Any CPU.ActiveCfg = Release|Any CPU
		{99042685-334B-452A-14C7-B37CAC64EA04}.Release|Any CPU.Build.0 = Release|Any CPU
	EndGlobalSection
	GlobalSection(SolutionProperties) = preSolution
		HideSolutionNode = FALSE
	EndGlobalSection
	GlobalSection(ExtensibilityGlobals) = postSolution
		SolutionGuid = {DB93749C-A68B-4E6F-A880-1BB437D51A01}
	EndGlobalSection
EndGlobal
